
Microsoft Visual Studio Solution File, Format Version 11.00
# Visual Studio 2010
Project("{FAE04EC0-301F-11D3-BF4B-00C04F79EFBC}") = "LootMaker", "LootMaker\LootMaker.csproj", "{1071EDC1-3CF8-4271-A059-F19E4381B088}"
EndProject
Project("{FAE04EC0-301F-11D3-BF4B-00C04F79EFBC}") = "LootShop", "LootShop\LootShop\LootShop.csproj", "{32A9A9EE-E69D-4D51-9F0A-C2125B7C8FF4}"
EndProject
Project("{FAE04EC0-301F-11D3-BF4B-00C04F79EFBC}") = "LootShopContent", "LootShop\LootShopContent\LootShopContent.contentproj", "{312872E7-03FD-4C48-A222-4D7C44DC124E}"
EndProject
Project("{2150E333-8FDC-42A3-9474-1A3956D46DE8}") = "Solution Items", "Solution Items", "{7DE571A9-B2E1-4B2B-A16B-B164C504369E}"
	ProjectSection(SolutionItems) = preProject
		README.md = README.md
	EndProjectSection
EndProject
Project("{FAE04EC0-301F-11D3-BF4B-00C04F79EFBC}") = "LootSystem", "LootSystem\LootSystem.csproj", "{06F4948E-DD3D-4B00-9C7E-CD97E57C91F3}"
EndProject
Project("{FAE04EC0-301F-11D3-BF4B-00C04F79EFBC}") = "LootTester", "LootTester\LootTester.csproj", "{67FC9301-6DD0-4BC6-BDD8-EDA0B679FF66}"
EndProject
Project("{FAE04EC0-301F-11D3-BF4B-00C04F79EFBC}") = "LootShop (Xbox 360)", "LootShop\LootShop\LootShop (Xbox 360).csproj", "{84C476BA-A5A1-4AEF-96E2-1204E0D6A711}"
EndProject
Global
	GlobalSection(SolutionConfigurationPlatforms) = preSolution
		Debug|Any CPU = Debug|Any CPU
		Debug|Mixed Platforms = Debug|Mixed Platforms
		Debug|x86 = Debug|x86
		Debug|Xbox 360 = Debug|Xbox 360
		Release|Any CPU = Release|Any CPU
		Release|Mixed Platforms = Release|Mixed Platforms
		Release|x86 = Release|x86
		Release|Xbox 360 = Release|Xbox 360
	EndGlobalSection
	GlobalSection(ProjectConfigurationPlatforms) = postSolution
		{1071EDC1-3CF8-4271-A059-F19E4381B088}.Debug|Any CPU.ActiveCfg = Debug|Any CPU
		{1071EDC1-3CF8-4271-A059-F19E4381B088}.Debug|Any CPU.Build.0 = Debug|Any CPU
		{1071EDC1-3CF8-4271-A059-F19E4381B088}.Debug|Mixed Platforms.ActiveCfg = Debug|Any CPU
		{1071EDC1-3CF8-4271-A059-F19E4381B088}.Debug|Mixed Platforms.Build.0 = Debug|Any CPU
		{1071EDC1-3CF8-4271-A059-F19E4381B088}.Debug|x86.ActiveCfg = Debug|Any CPU
		{1071EDC1-3CF8-4271-A059-F19E4381B088}.Debug|Xbox 360.ActiveCfg = Debug|Any CPU
		{1071EDC1-3CF8-4271-A059-F19E4381B088}.Release|Any CPU.ActiveCfg = Release|Any CPU
		{1071EDC1-3CF8-4271-A059-F19E4381B088}.Release|Any CPU.Build.0 = Release|Any CPU
		{1071EDC1-3CF8-4271-A059-F19E4381B088}.Release|Mixed Platforms.ActiveCfg = Release|Any CPU
		{1071EDC1-3CF8-4271-A059-F19E4381B088}.Release|Mixed Platforms.Build.0 = Release|Any CPU
		{1071EDC1-3CF8-4271-A059-F19E4381B088}.Release|x86.ActiveCfg = Release|Any CPU
		{1071EDC1-3CF8-4271-A059-F19E4381B088}.Release|Xbox 360.ActiveCfg = Release|Any CPU
		{32A9A9EE-E69D-4D51-9F0A-C2125B7C8FF4}.Debug|Any CPU.ActiveCfg = Debug|x86
		{32A9A9EE-E69D-4D51-9F0A-C2125B7C8FF4}.Debug|Mixed Platforms.ActiveCfg = Debug|x86
		{32A9A9EE-E69D-4D51-9F0A-C2125B7C8FF4}.Debug|Mixed Platforms.Build.0 = Debug|x86
		{32A9A9EE-E69D-4D51-9F0A-C2125B7C8FF4}.Debug|x86.ActiveCfg = Debug|x86
		{32A9A9EE-E69D-4D51-9F0A-C2125B7C8FF4}.Debug|x86.Build.0 = Debug|x86
		{32A9A9EE-E69D-4D51-9F0A-C2125B7C8FF4}.Debug|Xbox 360.ActiveCfg = Debug|x86
		{32A9A9EE-E69D-4D51-9F0A-C2125B7C8FF4}.Debug|Xbox 360.Build.0 = Debug|x86
		{32A9A9EE-E69D-4D51-9F0A-C2125B7C8FF4}.Release|Any CPU.ActiveCfg = Release|x86
		{32A9A9EE-E69D-4D51-9F0A-C2125B7C8FF4}.Release|Mixed Platforms.ActiveCfg = Release|x86
		{32A9A9EE-E69D-4D51-9F0A-C2125B7C8FF4}.Release|Mixed Platforms.Build.0 = Release|x86
		{32A9A9EE-E69D-4D51-9F0A-C2125B7C8FF4}.Release|x86.ActiveCfg = Release|x86
		{32A9A9EE-E69D-4D51-9F0A-C2125B7C8FF4}.Release|x86.Build.0 = Release|x86
		{32A9A9EE-E69D-4D51-9F0A-C2125B7C8FF4}.Release|Xbox 360.ActiveCfg = Release|x86
		{32A9A9EE-E69D-4D51-9F0A-C2125B7C8FF4}.Release|Xbox 360.Build.0 = Release|x86
		{312872E7-03FD-4C48-A222-4D7C44DC124E}.Debug|Any CPU.ActiveCfg = Debug|x86
		{312872E7-03FD-4C48-A222-4D7C44DC124E}.Debug|Mixed Platforms.ActiveCfg = Debug|x86
		{312872E7-03FD-4C48-A222-4D7C44DC124E}.Debug|x86.ActiveCfg = Debug|x86
		{312872E7-03FD-4C48-A222-4D7C44DC124E}.Debug|Xbox 360.ActiveCfg = Debug|x86
		{312872E7-03FD-4C48-A222-4D7C44DC124E}.Release|Any CPU.ActiveCfg = Release|x86
		{312872E7-03FD-4C48-A222-4D7C44DC124E}.Release|Mixed Platforms.ActiveCfg = Release|x86
		{312872E7-03FD-4C48-A222-4D7C44DC124E}.Release|x86.ActiveCfg = Release|x86
		{312872E7-03FD-4C48-A222-4D7C44DC124E}.Release|Xbox 360.ActiveCfg = Release|x86
		{06F4948E-DD3D-4B00-9C7E-CD97E57C91F3}.Debug|Any CPU.ActiveCfg = Debug|Any CPU
		{06F4948E-DD3D-4B00-9C7E-CD97E57C91F3}.Debug|Any CPU.Build.0 = Debug|Any CPU
		{06F4948E-DD3D-4B00-9C7E-CD97E57C91F3}.Debug|Mixed Platforms.ActiveCfg = Debug|Any CPU
		{06F4948E-DD3D-4B00-9C7E-CD97E57C91F3}.Debug|Mixed Platforms.Build.0 = Debug|Any CPU
		{06F4948E-DD3D-4B00-9C7E-CD97E57C91F3}.Debug|x86.ActiveCfg = Debug|Any CPU
		{06F4948E-DD3D-4B00-9C7E-CD97E57C91F3}.Debug|Xbox 360.ActiveCfg = Debug|Any CPU
		{06F4948E-DD3D-4B00-9C7E-CD97E57C91F3}.Release|Any CPU.ActiveCfg = Release|Any CPU
		{06F4948E-DD3D-4B00-9C7E-CD97E57C91F3}.Release|Any CPU.Build.0 = Release|Any CPU
		{06F4948E-DD3D-4B00-9C7E-CD97E57C91F3}.Release|Mixed Platforms.ActiveCfg = Release|Any CPU
		{06F4948E-DD3D-4B00-9C7E-CD97E57C91F3}.Release|Mixed Platforms.Build.0 = Release|Any CPU
		{06F4948E-DD3D-4B00-9C7E-CD97E57C91F3}.Release|x86.ActiveCfg = Release|Any CPU
		{06F4948E-DD3D-4B00-9C7E-CD97E57C91F3}.Release|Xbox 360.ActiveCfg = Release|Any CPU
		{67FC9301-6DD0-4BC6-BDD8-EDA0B679FF66}.Debug|Any CPU.ActiveCfg = Debug|x86
		{67FC9301-6DD0-4BC6-BDD8-EDA0B679FF66}.Debug|Mixed Platforms.ActiveCfg = Debug|x86
		{67FC9301-6DD0-4BC6-BDD8-EDA0B679FF66}.Debug|Mixed Platforms.Build.0 = Debug|x86
		{67FC9301-6DD0-4BC6-BDD8-EDA0B679FF66}.Debug|x86.ActiveCfg = Debug|x86
		{67FC9301-6DD0-4BC6-BDD8-EDA0B679FF66}.Debug|x86.Build.0 = Debug|x86
		{67FC9301-6DD0-4BC6-BDD8-EDA0B679FF66}.Debug|Xbox 360.ActiveCfg = Debug|x86
		{67FC9301-6DD0-4BC6-BDD8-EDA0B679FF66}.Release|Any CPU.ActiveCfg = Release|x86
		{67FC9301-6DD0-4BC6-BDD8-EDA0B679FF66}.Release|Mixed Platforms.ActiveCfg = Release|x86
		{67FC9301-6DD0-4BC6-BDD8-EDA0B679FF66}.Release|Mixed Platforms.Build.0 = Release|x86
		{67FC9301-6DD0-4BC6-BDD8-EDA0B679FF66}.Release|x86.ActiveCfg = Release|x86
		{67FC9301-6DD0-4BC6-BDD8-EDA0B679FF66}.Release|x86.Build.0 = Release|x86
		{67FC9301-6DD0-4BC6-BDD8-EDA0B679FF66}.Release|Xbox 360.ActiveCfg = Release|x86
		{84C476BA-A5A1-4AEF-96E2-1204E0D6A711}.Debug|Any CPU.ActiveCfg = Debug|Xbox 360
		{84C476BA-A5A1-4AEF-96E2-1204E0D6A711}.Debug|Mixed Platforms.ActiveCfg = Debug|Xbox 360
		{84C476BA-A5A1-4AEF-96E2-1204E0D6A711}.Debug|Mixed Platforms.Build.0 = Debug|Xbox 360
		{84C476BA-A5A1-4AEF-96E2-1204E0D6A711}.Debug|Mixed Platforms.Deploy.0 = Debug|Xbox 360
		{84C476BA-A5A1-4AEF-96E2-1204E0D6A711}.Debug|x86.ActiveCfg = Debug|Xbox 360
		{84C476BA-A5A1-4AEF-96E2-1204E0D6A711}.Debug|Xbox 360.ActiveCfg = Debug|Xbox 360
		{84C476BA-A5A1-4AEF-96E2-1204E0D6A711}.Debug|Xbox 360.Build.0 = Debug|Xbox 360
		{84C476BA-A5A1-4AEF-96E2-1204E0D6A711}.Debug|Xbox 360.Deploy.0 = Debug|Xbox 360
		{84C476BA-A5A1-4AEF-96E2-1204E0D6A711}.Release|Any CPU.ActiveCfg = Release|Xbox 360
		{84C476BA-A5A1-4AEF-96E2-1204E0D6A711}.Release|Mixed Platforms.ActiveCfg = Release|Xbox 360
		{84C476BA-A5A1-4AEF-96E2-1204E0D6A711}.Release|Mixed Platforms.Build.0 = Release|Xbox 360
		{84C476BA-A5A1-4AEF-96E2-1204E0D6A711}.Release|Mixed Platforms.Deploy.0 = Release|Xbox 360
		{84C476BA-A5A1-4AEF-96E2-1204E0D6A711}.Release|x86.ActiveCfg = Release|Xbox 360
		{84C476BA-A5A1-4AEF-96E2-1204E0D6A711}.Release|Xbox 360.ActiveCfg = Release|Xbox 360
		{84C476BA-A5A1-4AEF-96E2-1204E0D6A711}.Release|Xbox 360.Build.0 = Release|Xbox 360
		{84C476BA-A5A1-4AEF-96E2-1204E0D6A711}.Release|Xbox 360.Deploy.0 = Release|Xbox 360
	EndGlobalSection
	GlobalSection(SolutionProperties) = preSolution
		HideSolutionNode = FALSE
	EndGlobalSection
EndGlobal
